
Microsoft Visual Studio Solution File, Format Version 12.00
# Visual Studio Version 17
VisualStudioVersion = 17.0.31903.59
MinimumVisualStudioVersion = 10.0.40219.1
Project("{2150E333-8FDC-42A3-9474-1A3956D46DE8}") = "src", "src", "{827E0CD3-B72D-47B6-A68D-7590B98EB39B}"
EndProject
Project("{FAE04EC0-301F-11D3-BF4B-00C04F79EFBC}") = "KYC.Domain", "src\KYC.Domain\KYC.Domain.csproj", "{66109D76-5226-4876-AA6A-4D55B5A0CF97}"
EndProject
Project("{FAE04EC0-301F-11D3-BF4B-00C04F79EFBC}") = "KYC.Application", "src\KYC.Application\KYC.Application.csproj", "{58AB5036-F21B-49F5-BEB2-ACE2C2226D7A}"
EndProject
Project("{FAE04EC0-301F-11D3-BF4B-00C04F79EFBC}") = "KYC.Infrastructure", "src\KYC.Infrastructure\KYC.Infrastructure.csproj", "{92AC1749-6258-425C-A2E4-D5F4B8BAA8C9}"
EndProject
Project("{FAE04EC0-301F-11D3-BF4B-00C04F79EFBC}") = "KYC.Web", "src\KYC.Web\KYC.Web.csproj", "{476DF057-40E7-4734-B7F3-326FF5031E2D}"
EndProject
Project("{FAE04EC0-301F-11D3-BF4B-00C04F79EFBC}") = "KYC.Workers", "src\KYC.Workers\KYC.Workers.csproj", "{2C2820CE-3BF5-433C-89FF-FA4A4B527A0D}"
EndProject
Project("{FAE04EC0-301F-11D3-BF4B-00C04F79EFBC}") = "KYC.Domain.Tests", "tests\KYC.Domain.Tests\KYC.Domain.Tests.csproj", "{DFBA84A6-8413-4B74-8DC4-15397AE473E6}"
EndProject
Project("{FAE04EC0-301F-11D3-BF4B-00C04F79EFBC}") = "KYC.Application.Tests", "tests\KYC.Application.Tests\KYC.Application.Tests.csproj", "{C811BF16-EBC5-4403-866F-F06EC8F96287}"
EndProject
Project("{FAE04EC0-301F-11D3-BF4B-00C04F79EFBC}") = "KYC.Integration.Tests", "tests\KYC.Integration.Tests\KYC.Integration.Tests.csproj", "{5E72BF68-CA33-4780-803D-8826D305959B}"
EndProject
Project("{2150E333-8FDC-42A3-9474-1A3956D46DE8}") = "tests", "tests", "{0AB3BF05-4346-4AA6-1389-037BE0695223}"
EndProject
Project("{FAE04EC0-301F-11D3-BF4B-00C04F79EFBC}") = "KYC.Web.Integration.Tests", "tests\KYC.Web.Integration.Tests\KYC.Web.Integration.Tests.csproj", "{F915CDAB-CC0E-4387-BB39-149BADAFCD67}"
EndProject
Global
	GlobalSection(SolutionConfigurationPlatforms) = preSolution
		Debug|Any CPU = Debug|Any CPU
		Debug|x64 = Debug|x64
		Debug|x86 = Debug|x86
		Release|Any CPU = Release|Any CPU
		Release|x64 = Release|x64
		Release|x86 = Release|x86
	EndGlobalSection
	GlobalSection(ProjectConfigurationPlatforms) = postSolution
		{66109D76-5226-4876-AA6A-4D55B5A0CF97}.Debug|Any CPU.ActiveCfg = Debug|Any CPU
		{66109D76-5226-4876-AA6A-4D55B5A0CF97}.Debug|Any CPU.Build.0 = Debug|Any CPU
		{66109D76-5226-4876-AA6A-4D55B5A0CF97}.Debug|x64.ActiveCfg = Debug|Any CPU
		{66109D76-5226-4876-AA6A-4D55B5A0CF97}.Debug|x64.Build.0 = Debug|Any CPU
		{66109D76-5226-4876-AA6A-4D55B5A0CF97}.Debug|x86.ActiveCfg = Debug|Any CPU
		{66109D76-5226-4876-AA6A-4D55B5A0CF97}.Debug|x86.Build.0 = Debug|Any CPU
		{66109D76-5226-4876-AA6A-4D55B5A0CF97}.Release|Any CPU.ActiveCfg = Release|Any CPU
		{66109D76-5226-4876-AA6A-4D55B5A0CF97}.Release|Any CPU.Build.0 = Release|Any CPU
		{66109D76-5226-4876-AA6A-4D55B5A0CF97}.Release|x64.ActiveCfg = Release|Any CPU
		{66109D76-5226-4876-AA6A-4D55B5A0CF97}.Release|x64.Build.0 = Release|Any CPU
		{66109D76-5226-4876-AA6A-4D55B5A0CF97}.Release|x86.ActiveCfg = Release|Any CPU
		{66109D76-5226-4876-AA6A-4D55B5A0CF97}.Release|x86.Build.0 = Release|Any CPU
		{58AB5036-F21B-49F5-BEB2-ACE2C2226D7A}.Debug|Any CPU.ActiveCfg = Debug|Any CPU
		{58AB5036-F21B-49F5-BEB2-ACE2C2226D7A}.Debug|Any CPU.Build.0 = Debug|Any CPU
		{58AB5036-F21B-49F5-BEB2-ACE2C2226D7A}.Debug|x64.ActiveCfg = Debug|Any CPU
		{58AB5036-F21B-49F5-BEB2-ACE2C2226D7A}.Debug|x64.Build.0 = Debug|Any CPU
		{58AB5036-F21B-49F5-BEB2-ACE2C2226D7A}.Debug|x86.ActiveCfg = Debug|Any CPU
		{58AB5036-F21B-49F5-BEB2-ACE2C2226D7A}.Debug|x86.Build.0 = Debug|Any CPU
		{58AB5036-F21B-49F5-BEB2-ACE2C2226D7A}.Release|Any CPU.ActiveCfg = Release|Any CPU
		{58AB5036-F21B-49F5-BEB2-ACE2C2226D7A}.Release|Any CPU.Build.0 = Release|Any CPU
		{58AB5036-F21B-49F5-BEB2-ACE2C2226D7A}.Release|x64.ActiveCfg = Release|Any CPU
		{58AB5036-F21B-49F5-BEB2-ACE2C2226D7A}.Release|x64.Build.0 = Release|Any CPU
		{58AB5036-F21B-49F5-BEB2-ACE2C2226D7A}.Release|x86.ActiveCfg = Release|Any CPU
		{58AB5036-F21B-49F5-BEB2-ACE2C2226D7A}.Release|x86.Build.0 = Release|Any CPU
		{92AC1749-6258-425C-A2E4-D5F4B8BAA8C9}.Debug|Any CPU.ActiveCfg = Debug|Any CPU
		{92AC1749-6258-425C-A2E4-D5F4B8BAA8C9}.Debug|Any CPU.Build.0 = Debug|Any CPU
		{92AC1749-6258-425C-A2E4-D5F4B8BAA8C9}.Debug|x64.ActiveCfg = Debug|Any CPU
		{92AC1749-6258-425C-A2E4-D5F4B8BAA8C9}.Debug|x64.Build.0 = Debug|Any CPU
		{92AC1749-6258-425C-A2E4-D5F4B8BAA8C9}.Debug|x86.ActiveCfg = Debug|Any CPU
		{92AC1749-6258-425C-A2E4-D5F4B8BAA8C9}.Debug|x86.Build.0 = Debug|Any CPU
		{92AC1749-6258-425C-A2E4-D5F4B8BAA8C9}.Release|Any CPU.ActiveCfg = Release|Any CPU
		{92AC1749-6258-425C-A2E4-D5F4B8BAA8C9}.Release|Any CPU.Build.0 = Release|Any CPU
		{92AC1749-6258-425C-A2E4-D5F4B8BAA8C9}.Release|x64.ActiveCfg = Release|Any CPU
		{92AC1749-6258-425C-A2E4-D5F4B8BAA8C9}.Release|x64.Build.0 = Release|Any CPU
		{92AC1749-6258-425C-A2E4-D5F4B8BAA8C9}.Release|x86.ActiveCfg = Release|Any CPU
		{92AC1749-6258-425C-A2E4-D5F4B8BAA8C9}.Release|x86.Build.0 = Release|Any CPU
		{476DF057-40E7-4734-B7F3-326FF5031E2D}.Debug|Any CPU.ActiveCfg = Debug|Any CPU
		{476DF057-40E7-4734-B7F3-326FF5031E2D}.Debug|Any CPU.Build.0 = Debug|Any CPU
		{476DF057-40E7-4734-B7F3-326FF5031E2D}.Debug|x64.ActiveCfg = Debug|Any CPU
		{476DF057-40E7-4734-B7F3-326FF5031E2D}.Debug|x64.Build.0 = Debug|Any CPU
		{476DF057-40E7-4734-B7F3-326FF5031E2D}.Debug|x86.ActiveCfg = Debug|Any CPU
		{476DF057-40E7-4734-B7F3-326FF5031E2D}.Debug|x86.Build.0 = Debug|Any CPU
		{476DF057-40E7-4734-B7F3-326FF5031E2D}.Release|Any CPU.ActiveCfg = Release|Any CPU
		{476DF057-40E7-4734-B7F3-326FF5031E2D}.Release|Any CPU.Build.0 = Release|Any CPU
		{476DF057-40E7-4734-B7F3-326FF5031E2D}.Release|x64.ActiveCfg = Release|Any CPU
		{476DF057-40E7-4734-B7F3-326FF5031E2D}.Release|x64.Build.0 = Release|Any CPU
		{476DF057-40E7-4734-B7F3-326FF5031E2D}.Release|x86.ActiveCfg = Release|Any CPU
		{476DF057-40E7-4734-B7F3-326FF5031E2D}.Release|x86.Build.0 = Release|Any CPU
		{2C2820CE-3BF5-433C-89FF-FA4A4B527A0D}.Debug|Any CPU.ActiveCfg = Debug|Any CPU
		{2C2820CE-3BF5-433C-89FF-FA4A4B527A0D}.Debug|Any CPU.Build.0 = Debug|Any CPU
		{2C2820CE-3BF5-433C-89FF-FA4A4B527A0D}.Debug|x64.ActiveCfg = Debug|Any CPU
		{2C2820CE-3BF5-433C-89FF-FA4A4B527A0D}.Debug|x64.Build.0 = Debug|Any CPU
		{2C2820CE-3BF5-433C-89FF-FA4A4B527A0D}.Debug|x86.ActiveCfg = Debug|Any CPU
		{2C2820CE-3BF5-433C-89FF-FA4A4B527A0D}.Debug|x86.Build.0 = Debug|Any CPU
		{2C2820CE-3BF5-433C-89FF-FA4A4B527A0D}.Release|Any CPU.ActiveCfg = Release|Any CPU
		{2C2820CE-3BF5-433C-89FF-FA4A4B527A0D}.Release|Any CPU.Build.0 = Release|Any CPU
		{2C2820CE-3BF5-433C-89FF-FA4A4B527A0D}.Release|x64.ActiveCfg = Release|Any CPU
		{2C2820CE-3BF5-433C-89FF-FA4A4B527A0D}.Release|x64.Build.0 = Release|Any CPU
		{2C2820CE-3BF5-433C-89FF-FA4A4B527A0D}.Release|x86.ActiveCfg = Release|Any CPU
		{2C2820CE-3BF5-433C-89FF-FA4A4B527A0D}.Release|x86.Build.0 = Release|Any CPU
		{DFBA84A6-8413-4B74-8DC4-15397AE473E6}.Debug|Any CPU.ActiveCfg = Debug|Any CPU
		{DFBA84A6-8413-4B74-8DC4-15397AE473E6}.Debug|Any CPU.Build.0 = Debug|Any CPU
		{DFBA84A6-8413-4B74-8DC4-15397AE473E6}.Debug|x64.ActiveCfg = Debug|Any CPU
		{DFBA84A6-8413-4B74-8DC4-15397AE473E6}.Debug|x64.Build.0 = Debug|Any CPU
		{DFBA84A6-8413-4B74-8DC4-15397AE473E6}.Debug|x86.ActiveCfg = Debug|Any CPU
		{DFBA84A6-8413-4B74-8DC4-15397AE473E6}.Debug|x86.Build.0 = Debug|Any CPU
		{DFBA84A6-8413-4B74-8DC4-15397AE473E6}.Release|Any CPU.ActiveCfg = Release|Any CPU
		{DFBA84A6-8413-4B74-8DC4-15397AE473E6}.Release|Any CPU.Build.0 = Release|Any CPU
		{DFBA84A6-8413-4B74-8DC4-15397AE473E6}.Release|x64.ActiveCfg = Release|Any CPU
		{DFBA84A6-8413-4B74-8DC4-15397AE473E6}.Release|x64.Build.0 = Release|Any CPU
		{DFBA84A6-8413-4B74-8DC4-15397AE473E6}.Release|x86.ActiveCfg = Release|Any CPU
		{DFBA84A6-8413-4B74-8DC4-15397AE473E6}.Release|x86.Build.0 = Release|Any CPU
		{C811BF16-EBC5-4403-866F-F06EC8F96287}.Debug|Any CPU.ActiveCfg = Debug|Any CPU
		{C811BF16-EBC5-4403-866F-F06EC8F96287}.Debug|Any CPU.Build.0 = Debug|Any CPU
		{C811BF16-EBC5-4403-866F-F06EC8F96287}.Debug|x64.ActiveCfg = Debug|Any CPU
		{C811BF16-EBC5-4403-866F-F06EC8F96287}.Debug|x64.Build.0 = Debug|Any CPU
		{C811BF16-EBC5-4403-866F-F06EC8F96287}.Debug|x86.ActiveCfg = Debug|Any CPU
		{C811BF16-EBC5-4403-866F-F06EC8F96287}.Debug|x86.Build.0 = Debug|Any CPU
		{C811BF16-EBC5-4403-866F-F06EC8F96287}.Release|Any CPU.ActiveCfg = Release|Any CPU
		{C811BF16-EBC5-4403-866F-F06EC8F96287}.Release|Any CPU.Build.0 = Release|Any CPU
		{C811BF16-EBC5-4403-866F-F06EC8F96287}.Release|x64.ActiveCfg = Release|Any CPU
		{C811BF16-EBC5-4403-866F-F06EC8F96287}.Release|x64.Build.0 = Release|Any CPU
		{C811BF16-EBC5-4403-866F-F06EC8F96287}.Release|x86.ActiveCfg = Release|Any CPU
		{C811BF16-EBC5-4403-866F-F06EC8F96287}.Release|x86.Build.0 = Release|Any CPU
		{5E72BF68-CA33-4780-803D-8826D305959B}.Debug|Any CPU.ActiveCfg = Debug|Any CPU
		{5E72BF68-CA33-4780-803D-8826D305959B}.Debug|Any CPU.Build.0 = Debug|Any CPU
		{5E72BF68-CA33-4780-803D-8826D305959B}.Debug|x64.ActiveCfg = Debug|Any CPU
		{5E72BF68-CA33-4780-803D-8826D305959B}.Debug|x64.Build.0 = Debug|Any CPU
		{5E72BF68-CA33-4780-803D-8826D305959B}.Debug|x86.ActiveCfg = Debug|Any CPU
		{5E72BF68-CA33-4780-803D-8826D305959B}.Debug|x86.Build.0 = Debug|Any CPU
		{5E72BF68-CA33-4780-803D-8826D305959B}.Release|Any CPU.ActiveCfg = Release|Any CPU
		{5E72BF68-CA33-4780-803D-8826D305959B}.Release|Any CPU.Build.0 = Release|Any CPU
		{5E72BF68-CA33-4780-803D-8826D305959B}.Release|x64.ActiveCfg = Release|Any CPU
		{5E72BF68-CA33-4780-803D-8826D305959B}.Release|x64.Build.0 = Release|Any CPU
		{5E72BF68-CA33-4780-803D-8826D305959B}.Release|x86.ActiveCfg = Release|Any CPU
		{5E72BF68-CA33-4780-803D-8826D305959B}.Release|x86.Build.0 = Release|Any CPU
		{F915CDAB-CC0E-4387-BB39-149BADAFCD67}.Debug|Any CPU.ActiveCfg = Debug|Any CPU
		{F915CDAB-CC0E-4387-BB39-149BADAFCD67}.Debug|Any CPU.Build.0 = Debug|Any CPU
		{F915CDAB-CC0E-4387-BB39-149BADAFCD67}.Debug|x64.ActiveCfg = Debug|Any CPU
		{F915CDAB-CC0E-4387-BB39-149BADAFCD67}.Debug|x64.Build.0 = Debug|Any CPU
		{F915CDAB-CC0E-4387-BB39-149BADAFCD67}.Debug|x86.ActiveCfg = Debug|Any CPU
		{F915CDAB-CC0E-4387-BB39-149BADAFCD67}.Debug|x86.Build.0 = Debug|Any CPU
		{F915CDAB-CC0E-4387-BB39-149BADAFCD67}.Release|Any CPU.ActiveCfg = Release|Any CPU
		{F915CDAB-CC0E-4387-BB39-149BADAFCD67}.Release|Any CPU.Build.0 = Release|Any CPU
		{F915CDAB-CC0E-4387-BB39-149BADAFCD67}.Release|x64.ActiveCfg = Release|Any CPU
		{F915CDAB-CC0E-4387-BB39-149BADAFCD67}.Release|x64.Build.0 = Release|Any CPU
		{F915CDAB-CC0E-4387-BB39-149BADAFCD67}.Release|x86.ActiveCfg = Release|Any CPU
		{F915CDAB-CC0E-4387-BB39-149BADAFCD67}.Release|x86.Build.0 = Release|Any CPU
	EndGlobalSection
	GlobalSection(SolutionProperties) = preSolution
		HideSolutionNode = FALSE
	EndGlobalSection
	GlobalSection(NestedProjects) = preSolution
		{66109D76-5226-4876-AA6A-4D55B5A0CF97} = {827E0CD3-B72D-47B6-A68D-7590B98EB39B}
		{58AB5036-F21B-49F5-BEB2-ACE2C2226D7A} = {827E0CD3-B72D-47B6-A68D-7590B98EB39B}
		{92AC1749-6258-425C-A2E4-D5F4B8BAA8C9} = {827E0CD3-B72D-47B6-A68D-7590B98EB39B}
		{476DF057-40E7-4734-B7F3-326FF5031E2D} = {827E0CD3-B72D-47B6-A68D-7590B98EB39B}
		{2C2820CE-3BF5-433C-89FF-FA4A4B527A0D} = {827E0CD3-B72D-47B6-A68D-7590B98EB39B}
		{DFBA84A6-8413-4B74-8DC4-15397AE473E6} = {827E0CD3-B72D-47B6-A68D-7590B98EB39B}
		{C811BF16-EBC5-4403-866F-F06EC8F96287} = {827E0CD3-B72D-47B6-A68D-7590B98EB39B}
		{5E72BF68-CA33-4780-803D-8826D305959B} = {827E0CD3-B72D-47B6-A68D-7590B98EB39B}
		{F915CDAB-CC0E-4387-BB39-149BADAFCD67} = {0AB3BF05-4346-4AA6-1389-037BE0695223}
	EndGlobalSection
EndGlobal
